
Microsoft Visual Studio Solution File, Format Version 12.00
# Visual Studio 15
VisualStudioVersion = 15.0.28307.779
MinimumVisualStudioVersion = 10.0.40219.1
Project("{8BC9CEB8-8B4A-11D0-8D11-00A0C91BC942}") = "0820_function", "0820\0820.vcxproj", "{052CE495-26E6-4EB4-9C1F-185652D81341}"
EndProject
Project("{8BC9CEB8-8B4A-11D0-8D11-00A0C91BC942}") = "0821_1_random", "0821\0821.vcxproj", "{0B5FAE17-F7DE-431A-A9CE-D55F5B024AEE}"
EndProject
Project("{8BC9CEB8-8B4A-11D0-8D11-00A0C91BC942}") = "0821_2_pointer", "0821_2\0821_2.vcxproj", "{8B518E0C-C2EE-4FD1-898C-DBE2CEB7466E}"
EndProject
Project("{8BC9CEB8-8B4A-11D0-8D11-00A0C91BC942}") = "0821_3_array", "0821_3\0821_3.vcxproj", "{D2BC53C9-841B-4FE9-AF4D-F2C8F2F81CF5}"
EndProject
Project("{8BC9CEB8-8B4A-11D0-8D11-00A0C91BC942}") = "0822_1_string", "0822\0822.vcxproj", "{F7932251-AF2B-431F-9FD9-8041BBE52EC7}"
EndProject
Project("{8BC9CEB8-8B4A-11D0-8D11-00A0C91BC942}") = "0822_2_makeGame_without_class", "0822_2\0822_2.vcxproj", "{76F9FBC0-5911-4805-A4DE-FA2415AB677C}"
EndProject
Project("{8BC9CEB8-8B4A-11D0-8D11-00A0C91BC942}") = "0823_1_Class", "0823_1\0823_1.vcxproj", "{299C6542-083B-430B-80C0-A37DD55C9993}"
EndProject
Project("{8BC9CEB8-8B4A-11D0-8D11-00A0C91BC942}") = "0826", "0826\0826.vcxproj", "{680C40A6-D077-4198-9C29-C75C02FAC9ED}"
EndProject
Global
	GlobalSection(SolutionConfigurationPlatforms) = preSolution
		Debug|x64 = Debug|x64
		Debug|x86 = Debug|x86
		Release|x64 = Release|x64
		Release|x86 = Release|x86
	EndGlobalSection
	GlobalSection(ProjectConfigurationPlatforms) = postSolution
		{052CE495-26E6-4EB4-9C1F-185652D81341}.Debug|x64.ActiveCfg = Debug|x64
		{052CE495-26E6-4EB4-9C1F-185652D81341}.Debug|x64.Build.0 = Debug|x64
		{052CE495-26E6-4EB4-9C1F-185652D81341}.Debug|x86.ActiveCfg = Debug|Win32
		{052CE495-26E6-4EB4-9C1F-185652D81341}.Debug|x86.Build.0 = Debug|Win32
		{052CE495-26E6-4EB4-9C1F-185652D81341}.Release|x64.ActiveCfg = Release|x64
		{052CE495-26E6-4EB4-9C1F-185652D81341}.Release|x64.Build.0 = Release|x64
		{052CE495-26E6-4EB4-9C1F-185652D81341}.Release|x86.ActiveCfg = Release|Win32
		{052CE495-26E6-4EB4-9C1F-185652D81341}.Release|x86.Build.0 = Release|Win32
		{0B5FAE17-F7DE-431A-A9CE-D55F5B024AEE}.Debug|x64.ActiveCfg = Debug|x64
		{0B5FAE17-F7DE-431A-A9CE-D55F5B024AEE}.Debug|x64.Build.0 = Debug|x64
		{0B5FAE17-F7DE-431A-A9CE-D55F5B024AEE}.Debug|x86.ActiveCfg = Debug|Win32
		{0B5FAE17-F7DE-431A-A9CE-D55F5B024AEE}.Debug|x86.Build.0 = Debug|Win32
		{0B5FAE17-F7DE-431A-A9CE-D55F5B024AEE}.Release|x64.ActiveCfg = Release|x64
		{0B5FAE17-F7DE-431A-A9CE-D55F5B024AEE}.Release|x64.Build.0 = Release|x64
		{0B5FAE17-F7DE-431A-A9CE-D55F5B024AEE}.Release|x86.ActiveCfg = Release|Win32
		{0B5FAE17-F7DE-431A-A9CE-D55F5B024AEE}.Release|x86.Build.0 = Release|Win32
		{8B518E0C-C2EE-4FD1-898C-DBE2CEB7466E}.Debug|x64.ActiveCfg = Debug|x64
		{8B518E0C-C2EE-4FD1-898C-DBE2CEB7466E}.Debug|x64.Build.0 = Debug|x64
		{8B518E0C-C2EE-4FD1-898C-DBE2CEB7466E}.Debug|x86.ActiveCfg = Debug|Win32
		{8B518E0C-C2EE-4FD1-898C-DBE2CEB7466E}.Debug|x86.Build.0 = Debug|Win32
		{8B518E0C-C2EE-4FD1-898C-DBE2CEB7466E}.Release|x64.ActiveCfg = Release|x64
		{8B518E0C-C2EE-4FD1-898C-DBE2CEB7466E}.Release|x64.Build.0 = Release|x64
		{8B518E0C-C2EE-4FD1-898C-DBE2CEB7466E}.Release|x86.ActiveCfg = Release|Win32
		{8B518E0C-C2EE-4FD1-898C-DBE2CEB7466E}.Release|x86.Build.0 = Release|Win32
		{D2BC53C9-841B-4FE9-AF4D-F2C8F2F81CF5}.Debug|x64.ActiveCfg = Debug|x64
		{D2BC53C9-841B-4FE9-AF4D-F2C8F2F81CF5}.Debug|x64.Build.0 = Debug|x64
		{D2BC53C9-841B-4FE9-AF4D-F2C8F2F81CF5}.Debug|x86.ActiveCfg = Debug|Win32
		{D2BC53C9-841B-4FE9-AF4D-F2C8F2F81CF5}.Debug|x86.Build.0 = Debug|Win32
		{D2BC53C9-841B-4FE9-AF4D-F2C8F2F81CF5}.Release|x64.ActiveCfg = Release|x64
		{D2BC53C9-841B-4FE9-AF4D-F2C8F2F81CF5}.Release|x64.Build.0 = Release|x64
		{D2BC53C9-841B-4FE9-AF4D-F2C8F2F81CF5}.Release|x86.ActiveCfg = Release|Win32
		{D2BC53C9-841B-4FE9-AF4D-F2C8F2F81CF5}.Release|x86.Build.0 = Release|Win32
		{F7932251-AF2B-431F-9FD9-8041BBE52EC7}.Debug|x64.ActiveCfg = Debug|x64
		{F7932251-AF2B-431F-9FD9-8041BBE52EC7}.Debug|x64.Build.0 = Debug|x64
		{F7932251-AF2B-431F-9FD9-8041BBE52EC7}.Debug|x86.ActiveCfg = Debug|Win32
		{F7932251-AF2B-431F-9FD9-8041BBE52EC7}.Debug|x86.Build.0 = Debug|Win32
		{F7932251-AF2B-431F-9FD9-8041BBE52EC7}.Release|x64.ActiveCfg = Release|x64
		{F7932251-AF2B-431F-9FD9-8041BBE52EC7}.Release|x64.Build.0 = Release|x64
		{F7932251-AF2B-431F-9FD9-8041BBE52EC7}.Release|x86.ActiveCfg = Release|Win32
		{F7932251-AF2B-431F-9FD9-8041BBE52EC7}.Release|x86.Build.0 = Release|Win32
		{76F9FBC0-5911-4805-A4DE-FA2415AB677C}.Debug|x64.ActiveCfg = Debug|x64
		{76F9FBC0-5911-4805-A4DE-FA2415AB677C}.Debug|x64.Build.0 = Debug|x64
		{76F9FBC0-5911-4805-A4DE-FA2415AB677C}.Debug|x86.ActiveCfg = Debug|Win32
		{76F9FBC0-5911-4805-A4DE-FA2415AB677C}.Debug|x86.Build.0 = Debug|Win32
		{76F9FBC0-5911-4805-A4DE-FA2415AB677C}.Release|x64.ActiveCfg = Release|x64
		{76F9FBC0-5911-4805-A4DE-FA2415AB677C}.Release|x64.Build.0 = Release|x64
		{76F9FBC0-5911-4805-A4DE-FA2415AB677C}.Release|x86.ActiveCfg = Release|Win32
		{76F9FBC0-5911-4805-A4DE-FA2415AB677C}.Release|x86.Build.0 = Release|Win32
		{299C6542-083B-430B-80C0-A37DD55C9993}.Debug|x64.ActiveCfg = Debug|x64
		{299C6542-083B-430B-80C0-A37DD55C9993}.Debug|x64.Build.0 = Debug|x64
		{299C6542-083B-430B-80C0-A37DD55C9993}.Debug|x86.ActiveCfg = Debug|Win32
		{299C6542-083B-430B-80C0-A37DD55C9993}.Debug|x86.Build.0 = Debug|Win32
		{299C6542-083B-430B-80C0-A37DD55C9993}.Release|x64.ActiveCfg = Release|x64
		{299C6542-083B-430B-80C0-A37DD55C9993}.Release|x64.Build.0 = Release|x64
		{299C6542-083B-430B-80C0-A37DD55C9993}.Release|x86.ActiveCfg = Release|Win32
		{299C6542-083B-430B-80C0-A37DD55C9993}.Release|x86.Build.0 = Release|Win32
		{680C40A6-D077-4198-9C29-C75C02FAC9ED}.Debug|x64.ActiveCfg = Debug|x64
		{680C40A6-D077-4198-9C29-C75C02FAC9ED}.Debug|x64.Build.0 = Debug|x64
		{680C40A6-D077-4198-9C29-C75C02FAC9ED}.Debug|x86.ActiveCfg = Debug|Win32
		{680C40A6-D077-4198-9C29-C75C02FAC9ED}.Debug|x86.Build.0 = Debug|Win32
		{680C40A6-D077-4198-9C29-C75C02FAC9ED}.Release|x64.ActiveCfg = Release|x64
		{680C40A6-D077-4198-9C29-C75C02FAC9ED}.Release|x64.Build.0 = Release|x64
		{680C40A6-D077-4198-9C29-C75C02FAC9ED}.Release|x86.ActiveCfg = Release|Win32
		{680C40A6-D077-4198-9C29-C75C02FAC9ED}.Release|x86.Build.0 = Release|Win32
	EndGlobalSection
	GlobalSection(SolutionProperties) = preSolution
		HideSolutionNode = FALSE
	EndGlobalSection
	GlobalSection(ExtensibilityGlobals) = postSolution
		SolutionGuid = {C428DC56-5709-4B83-AF51-1D8D4C3E94FD}
	EndGlobalSection
EndGlobal
